
Microsoft Visual Studio Solution File, Format Version 12.00
# Visual Studio Version 16
VisualStudioVersion = 16.0.30711.63
MinimumVisualStudioVersion = 10.0.40219.1
Project("{FAE04EC0-301F-11D3-BF4B-00C04F79EFBC}") = "Read File Data Coding Lab", "Read File Data Coding Lab\Read File Data Coding Lab.csproj", "{94FDA248-B0E4-4D64-AB89-8DF4B1CC3A42}"
EndProject
Global
	GlobalSection(SolutionConfigurationPlatforms) = preSolution
		Debug|Any CPU = Debug|Any CPU
		Release|Any CPU = Release|Any CPU
	EndGlobalSection
	GlobalSection(ProjectConfigurationPlatforms) = postSolution
		{94FDA248-B0E4-4D64-AB89-8DF4B1CC3A42}.Debug|Any CPU.ActiveCfg = Debug|Any CPU
		{94FDA248-B0E4-4D64-AB89-8DF4B1CC3A42}.Debug|Any CPU.Build.0 = Debug|Any CPU
		{94FDA248-B0E4-4D64-AB89-8DF4B1CC3A42}.Release|Any CPU.ActiveCfg = Release|Any CPU
		{94FDA248-B0E4-4D64-AB89-8DF4B1CC3A42}.Release|Any CPU.Build.0 = Release|Any CPU
	EndGlobalSection
	GlobalSection(SolutionProperties) = preSolution
		HideSolutionNode = FALSE
	EndGlobalSection
	GlobalSection(ExtensibilityGlobals) = postSolution
		SolutionGuid = {67D0DB95-D46A-4FD6-BF6C-F549836FA4D6}
	EndGlobalSection
EndGlobal
