
Microsoft Visual Studio Solution File, Format Version 12.00
# Visual Studio Version 16
VisualStudioVersion = 16.0.31205.134
MinimumVisualStudioVersion = 10.0.40219.1
Project("{FAE04EC0-301F-11D3-BF4B-00C04F79EFBC}") = "ConsoleApps", "ConsoleApps\ConsoleApps.csproj", "{6CD3AF5B-F6A0-47BD-AA94-64BA2876589E}"
EndProject
Global
	GlobalSection(SolutionConfigurationPlatforms) = preSolution
		Debug|Any CPU = Debug|Any CPU
		Release|Any CPU = Release|Any CPU
	EndGlobalSection
	GlobalSection(ProjectConfigurationPlatforms) = postSolution
		{6CD3AF5B-F6A0-47BD-AA94-64BA2876589E}.Debug|Any CPU.ActiveCfg = Debug|Any CPU
		{6CD3AF5B-F6A0-47BD-AA94-64BA2876589E}.Debug|Any CPU.Build.0 = Debug|Any CPU
		{6CD3AF5B-F6A0-47BD-AA94-64BA2876589E}.Release|Any CPU.ActiveCfg = Release|Any CPU
		{6CD3AF5B-F6A0-47BD-AA94-64BA2876589E}.Release|Any CPU.Build.0 = Release|Any CPU
	EndGlobalSection
	GlobalSection(SolutionProperties) = preSolution
		HideSolutionNode = FALSE
	EndGlobalSection
	GlobalSection(ExtensibilityGlobals) = postSolution
		SolutionGuid = {D1F5D6D0-929F-482A-8785-305FA33A17FC}
	EndGlobalSection
EndGlobal
